
Microsoft Visual Studio Solution File, Format Version 12.00
# Visual Studio 15
VisualStudioVersion = 15.0.28307.329
MinimumVisualStudioVersion = 10.0.40219.1
Project("{9A19103F-16F7-4668-BE54-9A1E7A4F7556}") = "PermissionAccessControl2", "PermissionAccessControl2\PermissionAccessControl2.csproj", "{9FC0371B-45D7-43AB-9271-B040B116A874}"
EndProject
Project("{9A19103F-16F7-4668-BE54-9A1E7A4F7556}") = "ServiceLayer", "ServiceLayer\ServiceLayer.csproj", "{D85609C3-6489-46A9-B07D-2D63B19C9F6A}"
EndProject
Project("{9A19103F-16F7-4668-BE54-9A1E7A4F7556}") = "DataLayer", "DataLayer\DataLayer.csproj", "{2261C426-F9C8-4672-A5B0-F507D5FD6920}"
EndProject
Project("{9A19103F-16F7-4668-BE54-9A1E7A4F7556}") = "PermissionParts", "PermissionParts\PermissionParts.csproj", "{AF1622E9-4154-48F8-B0C6-1AD959A0EE85}"
EndProject
Project("{9A19103F-16F7-4668-BE54-9A1E7A4F7556}") = "DataAuthorize", "DataAuthorize\DataAuthorize.csproj", "{685A164D-41BE-4BF5-BF6F-DEC0EBB78E54}"
EndProject
Project("{9A19103F-16F7-4668-BE54-9A1E7A4F7556}") = "Test", "Test\Test.csproj", "{EA35E935-8CAC-4249-BE78-34FFD009BE70}"
EndProject
Project("{9A19103F-16F7-4668-BE54-9A1E7A4F7556}") = "FeatureAuthorize", "FeatureAuthorize\FeatureAuthorize.csproj", "{255486A5-790B-47BC-B95C-572889F004CA}"
EndProject
Project("{9A19103F-16F7-4668-BE54-9A1E7A4F7556}") = "CommonCache", "CommonCache\CommonCache.csproj", "{F2A3A002-D1A3-4BC4-AA6B-B11EFEEE9F87}"
EndProject
Project("{2150E333-8FDC-42A3-9474-1A3956D46DE8}") = "Solution Items", "Solution Items", "{08C37F40-167A-4D8B-86FC-B42980808BDB}"
	ProjectSection(SolutionItems) = preProject
		README.md = README.md
	EndProjectSection
EndProject
Global
	GlobalSection(SolutionConfigurationPlatforms) = preSolution
		Debug|Any CPU = Debug|Any CPU
		Release|Any CPU = Release|Any CPU
	EndGlobalSection
	GlobalSection(ProjectConfigurationPlatforms) = postSolution
		{9FC0371B-45D7-43AB-9271-B040B116A874}.Debug|Any CPU.ActiveCfg = Debug|Any CPU
		{9FC0371B-45D7-43AB-9271-B040B116A874}.Debug|Any CPU.Build.0 = Debug|Any CPU
		{9FC0371B-45D7-43AB-9271-B040B116A874}.Release|Any CPU.ActiveCfg = Release|Any CPU
		{9FC0371B-45D7-43AB-9271-B040B116A874}.Release|Any CPU.Build.0 = Release|Any CPU
		{D85609C3-6489-46A9-B07D-2D63B19C9F6A}.Debug|Any CPU.ActiveCfg = Debug|Any CPU
		{D85609C3-6489-46A9-B07D-2D63B19C9F6A}.Debug|Any CPU.Build.0 = Debug|Any CPU
		{D85609C3-6489-46A9-B07D-2D63B19C9F6A}.Release|Any CPU.ActiveCfg = Release|Any CPU
		{D85609C3-6489-46A9-B07D-2D63B19C9F6A}.Release|Any CPU.Build.0 = Release|Any CPU
		{2261C426-F9C8-4672-A5B0-F507D5FD6920}.Debug|Any CPU.ActiveCfg = Debug|Any CPU
		{2261C426-F9C8-4672-A5B0-F507D5FD6920}.Debug|Any CPU.Build.0 = Debug|Any CPU
		{2261C426-F9C8-4672-A5B0-F507D5FD6920}.Release|Any CPU.ActiveCfg = Release|Any CPU
		{2261C426-F9C8-4672-A5B0-F507D5FD6920}.Release|Any CPU.Build.0 = Release|Any CPU
		{AF1622E9-4154-48F8-B0C6-1AD959A0EE85}.Debug|Any CPU.ActiveCfg = Debug|Any CPU
		{AF1622E9-4154-48F8-B0C6-1AD959A0EE85}.Debug|Any CPU.Build.0 = Debug|Any CPU
		{AF1622E9-4154-48F8-B0C6-1AD959A0EE85}.Release|Any CPU.ActiveCfg = Release|Any CPU
		{AF1622E9-4154-48F8-B0C6-1AD959A0EE85}.Release|Any CPU.Build.0 = Release|Any CPU
		{685A164D-41BE-4BF5-BF6F-DEC0EBB78E54}.Debug|Any CPU.ActiveCfg = Debug|Any CPU
		{685A164D-41BE-4BF5-BF6F-DEC0EBB78E54}.Debug|Any CPU.Build.0 = Debug|Any CPU
		{685A164D-41BE-4BF5-BF6F-DEC0EBB78E54}.Release|Any CPU.ActiveCfg = Release|Any CPU
		{685A164D-41BE-4BF5-BF6F-DEC0EBB78E54}.Release|Any CPU.Build.0 = Release|Any CPU
		{EA35E935-8CAC-4249-BE78-34FFD009BE70}.Debug|Any CPU.ActiveCfg = Debug|Any CPU
		{EA35E935-8CAC-4249-BE78-34FFD009BE70}.Debug|Any CPU.Build.0 = Debug|Any CPU
		{EA35E935-8CAC-4249-BE78-34FFD009BE70}.Release|Any CPU.ActiveCfg = Release|Any CPU
		{EA35E935-8CAC-4249-BE78-34FFD009BE70}.Release|Any CPU.Build.0 = Release|Any CPU
		{255486A5-790B-47BC-B95C-572889F004CA}.Debug|Any CPU.ActiveCfg = Debug|Any CPU
		{255486A5-790B-47BC-B95C-572889F004CA}.Debug|Any CPU.Build.0 = Debug|Any CPU
		{255486A5-790B-47BC-B95C-572889F004CA}.Release|Any CPU.ActiveCfg = Release|Any CPU
		{255486A5-790B-47BC-B95C-572889F004CA}.Release|Any CPU.Build.0 = Release|Any CPU
		{F2A3A002-D1A3-4BC4-AA6B-B11EFEEE9F87}.Debug|Any CPU.ActiveCfg = Debug|Any CPU
		{F2A3A002-D1A3-4BC4-AA6B-B11EFEEE9F87}.Debug|Any CPU.Build.0 = Debug|Any CPU
		{F2A3A002-D1A3-4BC4-AA6B-B11EFEEE9F87}.Release|Any CPU.ActiveCfg = Release|Any CPU
		{F2A3A002-D1A3-4BC4-AA6B-B11EFEEE9F87}.Release|Any CPU.Build.0 = Release|Any CPU
	EndGlobalSection
	GlobalSection(SolutionProperties) = preSolution
		HideSolutionNode = FALSE
	EndGlobalSection
	GlobalSection(ExtensibilityGlobals) = postSolution
		SolutionGuid = {018B539D-77A5-4D59-9D8B-1765BD8D2E63}
	EndGlobalSection
EndGlobal
